// !$*UTF8*$!
{
	archiveVersion = 1;
	classes = {
	};
	objectVersion = 51;
	objects = {

/* Begin PBXBuildFile section */
		04662F1527413E250045D6F9 /* KeyboardViewController.swift in Sources */ = {isa = PBXBuildFile; fileRef = 04662F1427413E250045D6F9 /* KeyboardViewController.swift */; };
		049BA12827412DC500148254 /* AppDelegate.swift in Sources */ = {isa = PBXBuildFile; fileRef = 049BA12727412DC500148254 /* AppDelegate.swift */; };
		049BA12A27412DC500148254 /* SceneDelegate.swift in Sources */ = {isa = PBXBuildFile; fileRef = 049BA12927412DC500148254 /* SceneDelegate.swift */; };
		049BA12C27412DC500148254 /* HomeViewController.swift in Sources */ = {isa = PBXBuildFile; fileRef = 049BA12B27412DC500148254 /* HomeViewController.swift */; };
		049BA12F27412DC500148254 /* Main.storyboard in Resources */ = {isa = PBXBuildFile; fileRef = 049BA12D27412DC500148254 /* Main.storyboard */; };
		049BA13127412DC600148254 /* Assets.xcassets in Resources */ = {isa = PBXBuildFile; fileRef = 049BA13027412DC600148254 /* Assets.xcassets */; };
		049BA13427412DC600148254 /* LaunchScreen.storyboard in Resources */ = {isa = PBXBuildFile; fileRef = 049BA13227412DC600148254 /* LaunchScreen.storyboard */; };
		3B7B44A2C7715D2935B7E147 /* Pods_K7project.framework in Frameworks */ = {isa = PBXBuildFile; fileRef = 0E8E553FCC9666D78AAB00A4 /* Pods_K7project.framework */; };
/* End PBXBuildFile section */

/* Begin PBXFileReference section */
		04662F1427413E250045D6F9 /* KeyboardViewController.swift */ = {isa = PBXFileReference; lastKnownFileType = sourcecode.swift; path = KeyboardViewController.swift; sourceTree = "<group>"; };
		049BA12427412DC500148254 /* K7project.app */ = {isa = PBXFileReference; explicitFileType = wrapper.application; includeInIndex = 0; path = K7project.app; sourceTree = BUILT_PRODUCTS_DIR; };
		049BA12727412DC500148254 /* AppDelegate.swift */ = {isa = PBXFileReference; lastKnownFileType = sourcecode.swift; path = AppDelegate.swift; sourceTree = "<group>"; };
		049BA12927412DC500148254 /* SceneDelegate.swift */ = {isa = PBXFileReference; lastKnownFileType = sourcecode.swift; path = SceneDelegate.swift; sourceTree = "<group>"; };
		049BA12B27412DC500148254 /* HomeViewController.swift */ = {isa = PBXFileReference; lastKnownFileType = sourcecode.swift; path = HomeViewController.swift; sourceTree = "<group>"; };
		049BA12E27412DC500148254 /* Base */ = {isa = PBXFileReference; lastKnownFileType = file.storyboard; name = Base; path = Base.lproj/Main.storyboard; sourceTree = "<group>"; };
		049BA13027412DC600148254 /* Assets.xcassets */ = {isa = PBXFileReference; lastKnownFileType = folder.assetcatalog; path = Assets.xcassets; sourceTree = "<group>"; };
		049BA13327412DC600148254 /* Base */ = {isa = PBXFileReference; lastKnownFileType = file.storyboard; name = Base; path = Base.lproj/LaunchScreen.storyboard; sourceTree = "<group>"; };
		049BA13527412DC600148254 /* Info.plist */ = {isa = PBXFileReference; lastKnownFileType = text.plist.xml; path = Info.plist; sourceTree = "<group>"; };
		0E8E553FCC9666D78AAB00A4 /* Pods_K7project.framework */ = {isa = PBXFileReference; explicitFileType = wrapper.framework; includeInIndex = 0; path = Pods_K7project.framework; sourceTree = BUILT_PRODUCTS_DIR; };
		242B2798924F41520ADEAC1E /* Pods-K7project.release.xcconfig */ = {isa = PBXFileReference; includeInIndex = 1; lastKnownFileType = text.xcconfig; name = "Pods-K7project.release.xcconfig"; path = "Target Support Files/Pods-K7project/Pods-K7project.release.xcconfig"; sourceTree = "<group>"; };
		EC57B6BD849A85FEF83E8FB2 /* Pods-K7project.debug.xcconfig */ = {isa = PBXFileReference; includeInIndex = 1; lastKnownFileType = text.xcconfig; name = "Pods-K7project.debug.xcconfig"; path = "Target Support Files/Pods-K7project/Pods-K7project.debug.xcconfig"; sourceTree = "<group>"; };
/* End PBXFileReference section */

/* Begin PBXFrameworksBuildPhase section */
		049BA12127412DC500148254 /* Frameworks */ = {
			isa = PBXFrameworksBuildPhase;
			buildActionMask = 2147483647;
			files = (
				3B7B44A2C7715D2935B7E147 /* Pods_K7project.framework in Frameworks */,
			);
			runOnlyForDeploymentPostprocessing = 0;
		};
/* End PBXFrameworksBuildPhase section */

/* Begin PBXGroup section */
		049BA11B27412DC500148254 = {
			isa = PBXGroup;
			children = (
				049BA12627412DC500148254 /* K7project */,
				049BA12527412DC500148254 /* Products */,
				CF6A9B81C84471E417CB33E7 /* Pods */,
				78E17BE334DDEC98341B13C1 /* Frameworks */,
			);
			sourceTree = "<group>";
		};
		049BA12527412DC500148254 /* Products */ = {
			isa = PBXGroup;
			children = (
				049BA12427412DC500148254 /* K7project.app */,
			);
			name = Products;
			sourceTree = "<group>";
		};
		049BA12627412DC500148254 /* K7project */ = {
			isa = PBXGroup;
			children = (
				049BA12727412DC500148254 /* AppDelegate.swift */,
				049BA12927412DC500148254 /* SceneDelegate.swift */,
				049BA12B27412DC500148254 /* HomeViewController.swift */,
				04662F1427413E250045D6F9 /* KeyboardViewController.swift */,
				049BA12D27412DC500148254 /* Main.storyboard */,
				049BA13027412DC600148254 /* Assets.xcassets */,
				049BA13227412DC600148254 /* LaunchScreen.storyboard */,
				049BA13527412DC600148254 /* Info.plist */,
			);
			path = K7project;
			sourceTree = "<group>";
		};
		78E17BE334DDEC98341B13C1 /* Frameworks */ = {
			isa = PBXGroup;
			children = (
				0E8E553FCC9666D78AAB00A4 /* Pods_K7project.framework */,
			);
			name = Frameworks;
			sourceTree = "<group>";
		};
		CF6A9B81C84471E417CB33E7 /* Pods */ = {
			isa = PBXGroup;
			children = (
				EC57B6BD849A85FEF83E8FB2 /* Pods-K7project.debug.xcconfig */,
				242B2798924F41520ADEAC1E /* Pods-K7project.release.xcconfig */,
			);
			path = Pods;
			sourceTree = "<group>";
		};
/* End PBXGroup section */

/* Begin PBXNativeTarget section */
		049BA12327412DC500148254 /* K7project */ = {
			isa = PBXNativeTarget;
			buildConfigurationList = 049BA13827412DC600148254 /* Build configuration list for PBXNativeTarget "K7project" */;
			buildPhases = (
				8E4EC1AF607255DD2BED2110 /* [CP] Check Pods Manifest.lock */,
				049BA12027412DC500148254 /* Sources */,
				049BA12127412DC500148254 /* Frameworks */,
				049BA12227412DC500148254 /* Resources */,
				86B345792697F45A7397175D /* [CP] Embed Pods Frameworks */,
			);
			buildRules = (
			);
			dependencies = (
			);
			name = K7project;
			productName = K7project;
			productReference = 049BA12427412DC500148254 /* K7project.app */;
			productType = "com.apple.product-type.application";
		};
/* End PBXNativeTarget section */

/* Begin PBXProject section */
		049BA11C27412DC500148254 /* Project object */ = {
			isa = PBXProject;
			attributes = {
				LastSwiftUpdateCheck = 1240;
				LastUpgradeCheck = 1240;
				TargetAttributes = {
					049BA12327412DC500148254 = {
						CreatedOnToolsVersion = 12.4;
					};
				};
			};
			buildConfigurationList = 049BA11F27412DC500148254 /* Build configuration list for PBXProject "K7project" */;
			compatibilityVersion = "Xcode 9.3";
			developmentRegion = en;
			hasScannedForEncodings = 0;
			knownRegions = (
				en,
				Base,
			);
			mainGroup = 049BA11B27412DC500148254;
			productRefGroup = 049BA12527412DC500148254 /* Products */;
			projectDirPath = "";
			projectRoot = "";
			targets = (
				049BA12327412DC500148254 /* K7project */,
			);
		};
/* End PBXProject section */

/* Begin PBXResourcesBuildPhase section */
		049BA12227412DC500148254 /* Resources */ = {
			isa = PBXResourcesBuildPhase;
			buildActionMask = 2147483647;
			files = (
				049BA13427412DC600148254 /* LaunchScreen.storyboard in Resources */,
				049BA13127412DC600148254 /* Assets.xcassets in Resources */,
				049BA12F27412DC500148254 /* Main.storyboard in Resources */,
			);
			runOnlyForDeploymentPostprocessing = 0;
		};
/* End PBXResourcesBuildPhase section */

/* Begin PBXShellScriptBuildPhase section */
		86B345792697F45A7397175D /* [CP] Embed Pods Frameworks */ = {
			isa = PBXShellScriptBuildPhase;
			buildActionMask = 2147483647;
			files = (
			);
			inputFileListPaths = (
				"${PODS_ROOT}/Target Support Files/Pods-K7project/Pods-K7project-frameworks-${CONFIGURATION}-input-files.xcfilelist",
			);
			name = "[CP] Embed Pods Frameworks";
			outputFileListPaths = (
				"${PODS_ROOT}/Target Support Files/Pods-K7project/Pods-K7project-frameworks-${CONFIGURATION}-output-files.xcfilelist",
			);
			runOnlyForDeploymentPostprocessing = 0;
			shellPath = /bin/sh;
			shellScript = "\"${PODS_ROOT}/Target Support Files/Pods-K7project/Pods-K7project-frameworks.sh\"\n";
			showEnvVarsInLog = 0;
		};
		8E4EC1AF607255DD2BED2110 /* [CP] Check Pods Manifest.lock */ = {
			isa = PBXShellScriptBuildPhase;
			buildActionMask = 2147483647;
			files = (
			);
			inputFileListPaths = (
			);
			inputPaths = (
				"${PODS_PODFILE_DIR_PATH}/Podfile.lock",
				"${PODS_ROOT}/Manifest.lock",
			);
			name = "[CP] Check Pods Manifest.lock";
			outputFileListPaths = (
			);
			outputPaths = (
				"$(DERIVED_FILE_DIR)/Pods-K7project-checkManifestLockResult.txt",
			);
			runOnlyForDeploymentPostprocessing = 0;
			shellPath = /bin/sh;
			shellScript = "diff \"${PODS_PODFILE_DIR_PATH}/Podfile.lock\" \"${PODS_ROOT}/Manifest.lock\" > /dev/null\nif [ $? != 0 ] ; then\n    # print error to STDERR\n    echo \"error: The sandbox is not in sync with the Podfile.lock. Run 'pod install' or update your CocoaPods installation.\" >&2\n    exit 1\nfi\n# This output is used by Xcode 'outputs' to avoid re-running this script phase.\necho \"SUCCESS\" > \"${SCRIPT_OUTPUT_FILE_0}\"\n";
			showEnvVarsInLog = 0;
		};
/* End PBXShellScriptBuildPhase section */

/* Begin PBXSourcesBuildPhase section */
		049BA12027412DC500148254 /* Sources */ = {
			isa = PBXSourcesBuildPhase;
			buildActionMask = 2147483647;
			files = (
				049BA12C27412DC500148254 /* HomeViewController.swift in Sources */,
				049BA12827412DC500148254 /* AppDelegate.swift in Sources */,
				049BA12A27412DC500148254 /* SceneDelegate.swift in Sources */,
				04662F1527413E250045D6F9 /* KeyboardViewController.swift in Sources */,
			);
			runOnlyForDeploymentPostprocessing = 0;
		};
/* End PBXSourcesBuildPhase section */

/* Begin PBXVariantGroup section */
		049BA12D27412DC500148254 /* Main.storyboard */ = {
			isa = PBXVariantGroup;
			children = (
				049BA12E27412DC500148254 /* Base */,
			);
			name = Main.storyboard;
			sourceTree = "<group>";
		};
		049BA13227412DC600148254 /* LaunchScreen.storyboard */ = {
			isa = PBXVariantGroup;
			children = (
				049BA13327412DC600148254 /* Base */,
			);
			name = LaunchScreen.storyboard;
			sourceTree = "<group>";
		};
/* End PBXVariantGroup section */

/* Begin XCBuildConfiguration section */
		049BA13627412DC600148254 /* Debug */ = {
			isa = XCBuildConfiguration;
			buildSettings = {
				ALWAYS_SEARCH_USER_PATHS = NO;
				CLANG_ANALYZER_NONNULL = YES;
				CLANG_ANALYZER_NUMBER_OBJECT_CONVERSION = YES_AGGRESSIVE;
				CLANG_CXX_LANGUAGE_STANDARD = "gnu++14";
				CLANG_CXX_LIBRARY = "libc++";
				CLANG_ENABLE_MODULES = YES;
				CLANG_ENABLE_OBJC_ARC = YES;
				CLANG_ENABLE_OBJC_WEAK = YES;
				CLANG_WARN_BLOCK_CAPTURE_AUTORELEASING = YES;
				CLANG_WARN_BOOL_CONVERSION = YES;
				CLANG_WARN_COMMA = YES;
				CLANG_WARN_CONSTANT_CONVERSION = YES;
				CLANG_WARN_DEPRECATED_OBJC_IMPLEMENTATIONS = YES;
				CLANG_WARN_DIRECT_OBJC_ISA_USAGE = YES_ERROR;
				CLANG_WARN_DOCUMENTATION_COMMENTS = YES;
				CLANG_WARN_EMPTY_BODY = YES;
				CLANG_WARN_ENUM_CONVERSION = YES;
				CLANG_WARN_INFINITE_RECURSION = YES;
				CLANG_WARN_INT_CONVERSION = YES;
				CLANG_WARN_NON_LITERAL_NULL_CONVERSION = YES;
				CLANG_WARN_OBJC_IMPLICIT_RETAIN_SELF = YES;
				CLANG_WARN_OBJC_LITERAL_CONVERSION = YES;
				CLANG_WARN_OBJC_ROOT_CLASS = YES_ERROR;
				CLANG_WARN_QUOTED_INCLUDE_IN_FRAMEWORK_HEADER = YES;
				CLANG_WARN_RANGE_LOOP_ANALYSIS = YES;
				CLANG_WARN_STRICT_PROTOTYPES = YES;
				CLANG_WARN_SUSPICIOUS_MOVE = YES;
				CLANG_WARN_UNGUARDED_AVAILABILITY = YES_AGGRESSIVE;
				CLANG_WARN_UNREACHABLE_CODE = YES;
				CLANG_WARN__DUPLICATE_METHOD_MATCH = YES;
				COPY_PHASE_STRIP = NO;
				DEBUG_INFORMATION_FORMAT = dwarf;
				ENABLE_STRICT_OBJC_MSGSEND = YES;
				ENABLE_TESTABILITY = YES;
				GCC_C_LANGUAGE_STANDARD = gnu11;
				GCC_DYNAMIC_NO_PIC = NO;
				GCC_NO_COMMON_BLOCKS = YES;
				GCC_OPTIMIZATION_LEVEL = 0;
				GCC_PREPROCESSOR_DEFINITIONS = (
					"DEBUG=1",
					"$(inherited)",
				);
				GCC_WARN_64_TO_32_BIT_CONVERSION = YES;
				GCC_WARN_ABOUT_RETURN_TYPE = YES_ERROR;
				GCC_WARN_UNDECLARED_SELECTOR = YES;
				GCC_WARN_UNINITIALIZED_AUTOS = YES_AGGRESSIVE;
				GCC_WARN_UNUSED_FUNCTION = YES;
				GCC_WARN_UNUSED_VARIABLE = YES;
				IPHONEOS_DEPLOYMENT_TARGET = 14.4;
				MTL_ENABLE_DEBUG_INFO = INCLUDE_SOURCE;
				MTL_FAST_MATH = YES;
				ONLY_ACTIVE_ARCH = YES;
				SDKROOT = iphoneos;
				SWIFT_ACTIVE_COMPILATION_CONDITIONS = DEBUG;
				SWIFT_OPTIMIZATION_LEVEL = "-Onone";
			};
			name = Debug;
		};
		049BA13727412DC600148254 /* Release */ = {
			isa = XCBuildConfiguration;
			buildSettings = {
				ALWAYS_SEARCH_USER_PATHS = NO;
				CLANG_ANALYZER_NONNULL = YES;
				CLANG_ANALYZER_NUMBER_OBJECT_CONVERSION = YES_AGGRESSIVE;
				CLANG_CXX_LANGUAGE_STANDARD = "gnu++14";
				CLANG_CXX_LIBRARY = "libc++";
				CLANG_ENABLE_MODULES = YES;
				CLANG_ENABLE_OBJC_ARC = YES;
				CLANG_ENABLE_OBJC_WEAK = YES;
				CLANG_WARN_BLOCK_CAPTURE_AUTORELEASING = YES;
				CLANG_WARN_BOOL_CONVERSION = YES;
				CLANG_WARN_COMMA = YES;
				CLANG_WARN_CONSTANT_CONVERSION = YES;
				CLANG_WARN_DEPRECATED_OBJC_IMPLEMENTATIONS = YES;
				CLANG_WARN_DIRECT_OBJC_ISA_USAGE = YES_ERROR;
				CLANG_WARN_DOCUMENTATION_COMMENTS = YES;
				CLANG_WARN_EMPTY_BODY = YES;
				CLANG_WARN_ENUM_CONVERSION = YES;
				CLANG_WARN_INFINITE_RECURSION = YES;
				CLANG_WARN_INT_CONVERSION = YES;
				CLANG_WARN_NON_LITERAL_NULL_CONVERSION = YES;
				CLANG_WARN_OBJC_IMPLICIT_RETAIN_SELF = YES;
				CLANG_WARN_OBJC_LITERAL_CONVERSION = YES;
				CLANG_WARN_OBJC_ROOT_CLASS = YES_ERROR;
				CLANG_WARN_QUOTED_INCLUDE_IN_FRAMEWORK_HEADER = YES;
				CLANG_WARN_RANGE_LOOP_ANALYSIS = YES;
				CLANG_WARN_STRICT_PROTOTYPES = YES;
				CLANG_WARN_SUSPICIOUS_MOVE = YES;
				CLANG_WARN_UNGUARDED_AVAILABILITY = YES_AGGRESSIVE;
				CLANG_WARN_UNREACHABLE_CODE = YES;
				CLANG_WARN__DUPLICATE_METHOD_MATCH = YES;
				COPY_PHASE_STRIP = NO;
				DEBUG_INFORMATION_FORMAT = "dwarf-with-dsym";
				ENABLE_NS_ASSERTIONS = NO;
				ENABLE_STRICT_OBJC_MSGSEND = YES;
				GCC_C_LANGUAGE_STANDARD = gnu11;
				GCC_NO_COMMON_BLOCKS = YES;
				GCC_WARN_64_TO_32_BIT_CONVERSION = YES;
				GCC_WARN_ABOUT_RETURN_TYPE = YES_ERROR;
				GCC_WARN_UNDECLARED_SELECTOR = YES;
				GCC_WARN_UNINITIALIZED_AUTOS = YES_AGGRESSIVE;
				GCC_WARN_UNUSED_FUNCTION = YES;
				GCC_WARN_UNUSED_VARIABLE = YES;
				IPHONEOS_DEPLOYMENT_TARGET = 14.4;
				MTL_ENABLE_DEBUG_INFO = NO;
				MTL_FAST_MATH = YES;
				SDKROOT = iphoneos;
				SWIFT_COMPILATION_MODE = wholemodule;
				SWIFT_OPTIMIZATION_LEVEL = "-O";
				VALIDATE_PRODUCT = YES;
			};
			name = Release;
		};
		049BA13927412DC600148254 /* Debug */ = {
			isa = XCBuildConfiguration;
			baseConfigurationReference = EC57B6BD849A85FEF83E8FB2 /* Pods-K7project.debug.xcconfig */;
			buildSettings = {
				ASSETCATALOG_COMPILER_APPICON_NAME = AppIcon;
				ASSETCATALOG_COMPILER_GLOBAL_ACCENT_COLOR_NAME = AccentColor;
				CODE_SIGN_STYLE = Automatic;
				INFOPLIST_FILE = K7project/Info.plist;
				LD_RUNPATH_SEARCH_PATHS = (
					"$(inherited)",
					"@executable_path/Frameworks",
				);
				PRODUCT_BUNDLE_IDENTIFIER = com.miha.K7project;
				PRODUCT_NAME = "$(TARGET_NAME)";
				SWIFT_VERSION = 5.0;
				TARGETED_DEVICE_FAMILY = "1,2";
			};
			name = Debug;
		};
		049BA13A27412DC600148254 /* Release */ = {
			isa = XCBuildConfiguration;
			baseConfigurationReference = 242B2798924F41520ADEAC1E /* Pods-K7project.release.xcconfig */;
			buildSettings = {
				ASSETCATALOG_COMPILER_APPICON_NAME = AppIcon;
				ASSETCATALOG_COMPILER_GLOBAL_ACCENT_COLOR_NAME = AccentColor;
				CODE_SIGN_STYLE = Automatic;
				INFOPLIST_FILE = K7project/Info.plist;
				LD_RUNPATH_SEARCH_PATHS = (
					"$(inherited)",
					"@executable_path/Frameworks",
				);
				PRODUCT_BUNDLE_IDENTIFIER = com.miha.K7project;
				PRODUCT_NAME = "$(TARGET_NAME)";
				SWIFT_VERSION = 5.0;
				TARGETED_DEVICE_FAMILY = "1,2";
			};
			name = Release;
		};
/* End XCBuildConfiguration section */

/* Begin XCConfigurationList section */
		049BA11F27412DC500148254 /* Build configuration list for PBXProject "K7project" */ = {
			isa = XCConfigurationList;
			buildConfigurations = (
				049BA13627412DC600148254 /* Debug */,
				049BA13727412DC600148254 /* Release */,
			);
			defaultConfigurationIsVisible = 0;
			defaultConfigurationName = Release;
		};
		049BA13827412DC600148254 /* Build configuration list for PBXNativeTarget "K7project" */ = {
			isa = XCConfigurationList;
			buildConfigurations = (
				049BA13927412DC600148254 /* Debug */,
				049BA13A27412DC600148254 /* Release */,
			);
			defaultConfigurationIsVisible = 0;
			defaultConfigurationName = Release;
		};
/* End XCConfigurationList section */
	};
	rootObject = 049BA11C27412DC500148254 /* Project object */;
}
